
Microsoft Visual Studio Solution File, Format Version 12.00
# Visual Studio Version 16
VisualStudioVersion = 16.6.30114.105
MinimumVisualStudioVersion = 10.0.40219.1
Project("{FAE04EC0-301F-11D3-BF4B-00C04F79EFBC}") = "ProductGrpc", "ProductGrpc\ProductGrpc.csproj", "{FC39A199-36ED-4D23-ADC1-C8819DDF3E02}"
EndProject
Project("{FAE04EC0-301F-11D3-BF4B-00C04F79EFBC}") = "ProductGrpcClient", "ProductGrpcClient\ProductGrpcClient.csproj", "{475F95F8-502F-4211-B477-B91B60C92F41}"
EndProject
Global
	GlobalSection(SolutionConfigurationPlatforms) = preSolution
		Debug|Any CPU = Debug|Any CPU
		Debug|x64 = Debug|x64
		Debug|x86 = Debug|x86
		Release|Any CPU = Release|Any CPU
		Release|x64 = Release|x64
		Release|x86 = Release|x86
	EndGlobalSection
	GlobalSection(SolutionProperties) = preSolution
		HideSolutionNode = FALSE
	EndGlobalSection
	GlobalSection(ProjectConfigurationPlatforms) = postSolution
		{FC39A199-36ED-4D23-ADC1-C8819DDF3E02}.Debug|Any CPU.ActiveCfg = Debug|Any CPU
		{FC39A199-36ED-4D23-ADC1-C8819DDF3E02}.Debug|Any CPU.Build.0 = Debug|Any CPU
		{FC39A199-36ED-4D23-ADC1-C8819DDF3E02}.Debug|x64.ActiveCfg = Debug|Any CPU
		{FC39A199-36ED-4D23-ADC1-C8819DDF3E02}.Debug|x64.Build.0 = Debug|Any CPU
		{FC39A199-36ED-4D23-ADC1-C8819DDF3E02}.Debug|x86.ActiveCfg = Debug|Any CPU
		{FC39A199-36ED-4D23-ADC1-C8819DDF3E02}.Debug|x86.Build.0 = Debug|Any CPU
		{FC39A199-36ED-4D23-ADC1-C8819DDF3E02}.Release|Any CPU.ActiveCfg = Release|Any CPU
		{FC39A199-36ED-4D23-ADC1-C8819DDF3E02}.Release|Any CPU.Build.0 = Release|Any CPU
		{FC39A199-36ED-4D23-ADC1-C8819DDF3E02}.Release|x64.ActiveCfg = Release|Any CPU
		{FC39A199-36ED-4D23-ADC1-C8819DDF3E02}.Release|x64.Build.0 = Release|Any CPU
		{FC39A199-36ED-4D23-ADC1-C8819DDF3E02}.Release|x86.ActiveCfg = Release|Any CPU
		{FC39A199-36ED-4D23-ADC1-C8819DDF3E02}.Release|x86.Build.0 = Release|Any CPU
		{475F95F8-502F-4211-B477-B91B60C92F41}.Debug|Any CPU.ActiveCfg = Debug|Any CPU
		{475F95F8-502F-4211-B477-B91B60C92F41}.Debug|Any CPU.Build.0 = Debug|Any CPU
		{475F95F8-502F-4211-B477-B91B60C92F41}.Debug|x64.ActiveCfg = Debug|Any CPU
		{475F95F8-502F-4211-B477-B91B60C92F41}.Debug|x64.Build.0 = Debug|Any CPU
		{475F95F8-502F-4211-B477-B91B60C92F41}.Debug|x86.ActiveCfg = Debug|Any CPU
		{475F95F8-502F-4211-B477-B91B60C92F41}.Debug|x86.Build.0 = Debug|Any CPU
		{475F95F8-502F-4211-B477-B91B60C92F41}.Release|Any CPU.ActiveCfg = Release|Any CPU
		{475F95F8-502F-4211-B477-B91B60C92F41}.Release|Any CPU.Build.0 = Release|Any CPU
		{475F95F8-502F-4211-B477-B91B60C92F41}.Release|x64.ActiveCfg = Release|Any CPU
		{475F95F8-502F-4211-B477-B91B60C92F41}.Release|x64.Build.0 = Release|Any CPU
		{475F95F8-502F-4211-B477-B91B60C92F41}.Release|x86.ActiveCfg = Release|Any CPU
		{475F95F8-502F-4211-B477-B91B60C92F41}.Release|x86.Build.0 = Release|Any CPU
	EndGlobalSection
EndGlobal
